{
    "_readme": [
        "This file locks the dependencies of your project to a known state",
        "Read more about it at https://getcomposer.org/doc/01-basic-usage.md#composer-lock-the-lock-file",
        "This file is @generated automatically"
    ],
    "hash": "badbccafba5ffe2ec210324a64deaccf",
    "content-hash": "5b5cee28afc84c18f74de39931d43bf8",
    "packages": [
        {
            "name": "stripe/stripe-php",
            "version": "v3.4.0",
            "source": {
                "type": "git",
                "url": "https://github.com/stripe/stripe-php.git",
                "reference": "c22eb5b8d5a3549c3bf83302fbbbc9ff49e2842c"
            },
            "dist": {
                "type": "zip",
                "url": "https://api.github.com/repos/stripe/stripe-php/zipball/c22eb5b8d5a3549c3bf83302fbbbc9ff49e2842c",
                "reference": "c22eb5b8d5a3549c3bf83302fbbbc9ff49e2842c",
                "shasum": ""
            },
            "require": {
                "ext-curl": "*",
                "ext-json": "*",
                "ext-mbstring": "*",
                "php": ">=5.3.3"
            },
            "require-dev": {
                "phpunit/phpunit": "~4.0",
                "satooshi/php-coveralls": "~0.6.1",
                "squizlabs/php_codesniffer": "~2.0"
            },
            "type": "library",
            "extra": {
                "branch-alias": {
                    "dev-master": "2.0-dev"
                }
            },
            "autoload": {
                "psr-4": {
                    "Stripe\\": "lib/"
                }
            },
            "notification-url": "https://packagist.org/downloads/",
            "license": [
                "MIT"
            ],
            "authors": [
                {
                    "name": "Stripe and contributors",
                    "homepage": "https://github.com/stripe/stripe-php/contributors"
                }
            ],
            "description": "Stripe PHP Library",
            "homepage": "https://stripe.com/",
            "keywords": [
                "api",
                "payment processing",
                "stripe"
            ],
            "time": "2015-09-14 23:29:09"
        },
        {
            "name": "tipsyphp/tipsy",
            "version": "dev-master",
            "source": {
                "type": "git",
                "url": "https://github.com/tipsyphp/tipsy.git",
                "reference": "39f063a450630cb65d4f3ced9c2ec77763631d8e"
            },
            "dist": {
                "type": "zip",
                "url": "https://api.github.com/repos/tipsyphp/tipsy/zipball/39f063a450630cb65d4f3ced9c2ec77763631d8e",
                "reference": "39f063a450630cb65d4f3ced9c2ec77763631d8e",
                "shasum": ""
            },
            "require": {
                "php": ">=5.5.0"
            },
            "require-dev": {
                "satooshi/php-coveralls": "dev-master"
            },
            "type": "library",
            "autoload": {
                "psr-4": {
                    "Tipsy\\": "src/"
                },
                "files": [
                    "src/Tipsy.php"
                ]
            },
            "notification-url": "https://packagist.org/downloads/",
            "license": [
                "MIT"
            ],
            "authors": [
                {
                    "name": "Devin Smith",
                    "email": "devin@tipsy.la",
                    "homepage": "http://devin.la",
                    "role": "Developer"
                }
            ],
            "description": "An MVW PHP framework",
            "keywords": [
                "framework",
                "mvc",
                "mvw",
                "php"
            ],
            "time": "2016-05-31 19:14:29"
        }
    ],
    "packages-dev": [],
    "aliases": [],
    "minimum-stability": "stable",
    "stability-flags": {
        "tipsyphp/tipsy": 20
    },
    "prefer-stable": false,
    "prefer-lowest": false,
    "platform": [],
    "platform-dev": []
}
